
Microsoft Visual Studio Solution File, Format Version 9.00
# Visual Web Developer Express 2005
Project("{E24C65DC-7377-472B-9ABA-BC803B73C61A}") = "http://127.0.0.1/Story/", "http://127.0.0.1/Story", "{EC999235-53C1-4E7F-B3A7-8B938119BBE3}"
	ProjectSection(WebsiteProperties) = preProject
		Debug.AspNetCompiler.VirtualPath = "/Story"
		Debug.AspNetCompiler.PhysicalPath = "C:\Inetpub\wwwroot\Story\"
		Debug.AspNetCompiler.TargetPath = "PrecompiledWeb\Story\"
		Debug.AspNetCompiler.Updateable = "true"
		Debug.AspNetCompiler.ForceOverwrite = "true"
		Debug.AspNetCompiler.FixedNames = "false"
		Debug.AspNetCompiler.Debug = "True"
		Release.AspNetCompiler.VirtualPath = "/Story"
		Release.AspNetCompiler.PhysicalPath = "C:\Inetpub\wwwroot\Story\"
		Release.AspNetCompiler.TargetPath = "PrecompiledWeb\Story\"
		Release.AspNetCompiler.Updateable = "true"
		Release.AspNetCompiler.ForceOverwrite = "true"
		Release.AspNetCompiler.FixedNames = "false"
		Release.AspNetCompiler.Debug = "False"
		SlnRelativePath = "C:\Inetpub\wwwroot\Story\"
		DefaultWebSiteLanguage = "Visual C#"
	EndProjectSection
EndProject
Global
	GlobalSection(SolutionConfigurationPlatforms) = preSolution
		Debug|.NET = Debug|.NET
	EndGlobalSection
	GlobalSection(ProjectConfigurationPlatforms) = postSolution
		{EC999235-53C1-4E7F-B3A7-8B938119BBE3}.Debug|.NET.ActiveCfg = Debug|.NET
		{EC999235-53C1-4E7F-B3A7-8B938119BBE3}.Debug|.NET.Build.0 = Debug|.NET
	EndGlobalSection
	GlobalSection(SolutionProperties) = preSolution
		HideSolutionNode = FALSE
	EndGlobalSection
EndGlobal
